
Microsoft Visual Studio Solution File, Format Version 12.00
# Visual Studio Version 17
VisualStudioVersion = 17.1.32319.34
MinimumVisualStudioVersion = 10.0.40219.1
Project("{FAE04EC0-301F-11D3-BF4B-00C04F79EFBC}") = "BasicsTests", "BasicsTests\BasicsTests\BasicsTests.csproj", "{D0877ABE-7E74-4028-A917-3EE31E4FD404}"
EndProject
Global
	GlobalSection(SolutionConfigurationPlatforms) = preSolution
		Debug|Any CPU = Debug|Any CPU
		Release|Any CPU = Release|Any CPU
	EndGlobalSection
	GlobalSection(ProjectConfigurationPlatforms) = postSolution
		{D0877ABE-7E74-4028-A917-3EE31E4FD404}.Debug|Any CPU.ActiveCfg = Debug|Any CPU
		{D0877ABE-7E74-4028-A917-3EE31E4FD404}.Debug|Any CPU.Build.0 = Debug|Any CPU
		{D0877ABE-7E74-4028-A917-3EE31E4FD404}.Release|Any CPU.ActiveCfg = Release|Any CPU
		{D0877ABE-7E74-4028-A917-3EE31E4FD404}.Release|Any CPU.Build.0 = Release|Any CPU
	EndGlobalSection
	GlobalSection(SolutionProperties) = preSolution
		HideSolutionNode = FALSE
	EndGlobalSection
	GlobalSection(ExtensibilityGlobals) = postSolution
		SolutionGuid = {4AC70EEA-4A4A-4865-B5AB-2A9E38942F13}
	EndGlobalSection
EndGlobal
